
Microsoft Visual Studio Solution File, Format Version 12.00
# Visual Studio Version 16
VisualStudioVersion = 25.0.1705.6
MinimumVisualStudioVersion = 10.0.40219.1
Project("{FAE04EC0-301F-11D3-BF4B-00C04F79EFBC}") = "BooksAppNet", "BooksAppNet\BooksAppNet.csproj", "{140B9EF0-615D-418F-B5D9-4CB3EDC6F83B}"
EndProject
Global
	GlobalSection(SolutionConfigurationPlatforms) = preSolution
		Debug|Any CPU = Debug|Any CPU
		Release|Any CPU = Release|Any CPU
	EndGlobalSection
	GlobalSection(ProjectConfigurationPlatforms) = postSolution
		{140B9EF0-615D-418F-B5D9-4CB3EDC6F83B}.Debug|Any CPU.ActiveCfg = Debug|Any CPU
		{140B9EF0-615D-418F-B5D9-4CB3EDC6F83B}.Debug|Any CPU.Build.0 = Debug|Any CPU
		{140B9EF0-615D-418F-B5D9-4CB3EDC6F83B}.Release|Any CPU.ActiveCfg = Release|Any CPU
		{140B9EF0-615D-418F-B5D9-4CB3EDC6F83B}.Release|Any CPU.Build.0 = Release|Any CPU
	EndGlobalSection
	GlobalSection(SolutionProperties) = preSolution
		HideSolutionNode = FALSE
	EndGlobalSection
	GlobalSection(ExtensibilityGlobals) = postSolution
		SolutionGuid = {95F43144-88D1-41F7-987D-68B6E07ACD9B}
	EndGlobalSection
EndGlobal
